
Microsoft Visual Studio Solution File, Format Version 12.00
# Visual Studio 15
VisualStudioVersion = 15.0.27130.2024
MinimumVisualStudioVersion = 10.0.40219.1
Project("{FAE04EC0-301F-11D3-BF4B-00C04F79EFBC}") = "LearningTutorial", "LearningTutorial\LearningTutorial.csproj", "{2A7D1EDB-E2F4-48EE-A689-2B141E717005}"
EndProject
Global
	GlobalSection(SolutionConfigurationPlatforms) = preSolution
		Debug|Any CPU = Debug|Any CPU
		Release|Any CPU = Release|Any CPU
	EndGlobalSection
	GlobalSection(ProjectConfigurationPlatforms) = postSolution
		{2A7D1EDB-E2F4-48EE-A689-2B141E717005}.Debug|Any CPU.ActiveCfg = Debug|Any CPU
		{2A7D1EDB-E2F4-48EE-A689-2B141E717005}.Debug|Any CPU.Build.0 = Debug|Any CPU
		{2A7D1EDB-E2F4-48EE-A689-2B141E717005}.Release|Any CPU.ActiveCfg = Release|Any CPU
		{2A7D1EDB-E2F4-48EE-A689-2B141E717005}.Release|Any CPU.Build.0 = Release|Any CPU
	EndGlobalSection
	GlobalSection(SolutionProperties) = preSolution
		HideSolutionNode = FALSE
	EndGlobalSection
	GlobalSection(ExtensibilityGlobals) = postSolution
		SolutionGuid = {2A28C50C-FCBC-457A-8868-8D4E5F5C7422}
	EndGlobalSection
EndGlobal
